
# cargo-vet imports lock

[[publisher.arbitrary]]
version = "1.4.2"
when = "2025-08-14"
user-id = 696
user-login = "fitzgen"
user-name = "Nick Fitzgerald"

[[publisher.bumpalo]]
version = "3.20.3"
when = "2026-05-22"
user-id = 696
user-login = "fitzgen"
user-name = "Nick Fitzgerald"

[[publisher.derive_arbitrary]]
version = "1.4.2"
when = "2025-08-14"
user-id = 696
user-login = "fitzgen"
user-name = "Nick Fitzgerald"

[[publisher.unicode-width]]
version = "0.2.2"
when = "2025-10-06"
user-id = 1139
user-login = "Manishearth"
user-name = "Manish Goregaokar"

[[audits.bytecode-alliance.wildcard-audits.arbitrary]]
who = "Nick Fitzgerald <fitzgen@gmail.com>"
criteria = "safe-to-deploy"
user-id = 696 # Nick Fitzgerald (fitzgen)
start = "2020-01-14"
end = "2026-08-21"
notes = "I am an author of this crate."

[[audits.bytecode-alliance.wildcard-audits.bumpalo]]
who = "Nick Fitzgerald <fitzgen@gmail.com>"
criteria = "safe-to-deploy"
user-id = 696 # Nick Fitzgerald (fitzgen)
start = "2019-03-16"
end = "2026-08-21"

[[audits.bytecode-alliance.wildcard-audits.derive_arbitrary]]
who = "Nick Fitzgerald <fitzgen@gmail.com>"
criteria = "safe-to-deploy"
user-id = 696 # Nick Fitzgerald (fitzgen)
start = "2020-01-14"
end = "2026-08-21"
notes = "I am an author of this crate"

[[audits.bytecode-alliance.audits.adler2]]
who = "Alex Crichton <alex@alexcrichton.com>"
criteria = "safe-to-deploy"
version = "2.0.0"
notes = "Fork of the original `adler` crate, zero unsfae code, works in `no_std`, does what it says on th tin."

[[audits.bytecode-alliance.audits.iana-time-zone-haiku]]
who = "Dan Gohman <dev@sunfishcode.online>"
criteria = "safe-to-deploy"
version = "0.1.2"

[[audits.bytecode-alliance.audits.miniz_oxide]]
who = "Alex Crichton <alex@alexcrichton.com>"
criteria = "safe-to-deploy"
version = "0.7.1"
notes = """
This crate is a Rust implementation of zlib compression/decompression and has
been used by default by the Rust standard library for quite some time. It's also
a default dependency of the popular `backtrace` crate for decompressing debug
information. This crate forbids unsafe code and does not otherwise access system
resources. It's originally a port of the `miniz.c` library as well, and given
its own longevity should be relatively hardened against some of the more common
compression-related issues.
"""

[[audits.bytecode-alliance.audits.miniz_oxide]]
who = "Alex Crichton <alex@alexcrichton.com>"
criteria = "safe-to-deploy"
delta = "0.7.1 -> 0.8.0"
notes = "Minor updates, using new Rust features like `const`, no major changes."

[[audits.bytecode-alliance.audits.miniz_oxide]]
who = "Alex Crichton <alex@alexcrichton.com>"
criteria = "safe-to-deploy"
delta = "0.8.0 -> 0.8.5"
notes = """
Lots of small updates here and there, for example around modernizing Rust
idioms. No new `unsafe` code and everything looks like what you'd expect a
compression library to be doing.
"""

[[audits.bytecode-alliance.audits.miniz_oxide]]
who = "Alex Crichton <alex@alexcrichton.com>"
criteria = "safe-to-deploy"
delta = "0.8.5 -> 0.8.9"
notes = "No new unsafe code, just refactorings."

[[audits.bytecode-alliance.audits.num-traits]]
who = "Andrew Brown <andrew.brown@intel.com>"
criteria = "safe-to-deploy"
version = "0.2.19"
notes = "As advertised: a numeric library. The only `unsafe` is from some float-to-int conversions, which seems expected."

[[audits.embark.audits.utf8parse]]
who = "Johan Andersson <opensource@embark-studios.com>"
criteria = "safe-to-deploy"
version = "0.2.1"
notes = "Single unsafe usage that looks sound, no ambient capabilities"

[[audits.google.audits.android_system_properties]]
who = "Manish Goregaokar <manishearth@google.com>"
criteria = "safe-to-deploy"
version = "0.1.5"
notes = "Android system API FFI"
aggregated-from = "https://chromium.googlesource.com/chromium/src/+/main/third_party/rust/chromium_crates_io/supply-chain/audits.toml?format=TEXT"

[[audits.google.audits.bitflags]]
who = "George Burgess IV <gbiv@google.com>"
criteria = "safe-to-run"
version = "1.3.2"
aggregated-from = "https://chromium.googlesource.com/chromiumos/third_party/rust_crates/+/refs/heads/main/cargo-vet/audits.toml?format=TEXT"

[[audits.google.audits.byteorder]]
who = "danakj <danakj@chromium.org>"
criteria = "safe-to-deploy"
version = "1.5.0"
notes = "Unsafe review in https://crrev.com/c/5838022"
aggregated-from = "https://chromium.googlesource.com/chromium/src/+/main/third_party/rust/chromium_crates_io/supply-chain/audits.toml?format=TEXT"

[[audits.google.audits.core-foundation-sys]]
who = "Manish Goregaokar <manishearth@google.com>"
criteria = "safe-to-deploy"
version = "0.8.7"
notes = "OSX system APIs"
aggregated-from = "https://chromium.googlesource.com/chromium/src/+/main/third_party/rust/chromium_crates_io/supply-chain/audits.toml?format=TEXT"

[[audits.google.audits.either]]
who = "Manish Goregaokar <manishearth@google.com>"
criteria = "safe-to-deploy"
version = "1.13.0"
notes = "Unsafe code pertaining to wrapping Pin APIs. Mostly passes invariants down."
aggregated-from = "https://chromium.googlesource.com/chromium/src/+/main/third_party/rust/chromium_crates_io/supply-chain/audits.toml?format=TEXT"

[[audits.google.audits.either]]
who = "Daniel Cheng <dcheng@chromium.org>"
criteria = "safe-to-deploy"
delta = "1.13.0 -> 1.14.0"
notes = """
Inheriting ub-risk-1 from the baseline review of 1.13.0. While the delta has some diffs in unsafe code, they are either:
- migrating code to use helper macros
- migrating match patterns to take advantage of default bindings mode from RFC 2005
Either way, the result is code that does exactly the same thing and does not change the risk of UB.

See https://crrev.com/c/6323164 for more audit details.
"""
aggregated-from = "https://chromium.googlesource.com/chromium/src/+/main/third_party/rust/chromium_crates_io/supply-chain/audits.toml?format=TEXT"

[[audits.google.audits.either]]
who = "Lukasz Anforowicz <lukasza@chromium.org>"
criteria = "safe-to-deploy"
delta = "1.14.0 -> 1.15.0"
notes = 'The delta in `lib.rs` only tweaks doc comments and `#[cfg(feature = "std")]`.'
aggregated-from = "https://chromium.googlesource.com/chromium/src/+/main/third_party/rust/chromium_crates_io/supply-chain/audits.toml?format=TEXT"

[[audits.google.audits.equivalent]]
who = "George Burgess IV <gbiv@google.com>"
criteria = "safe-to-deploy"
version = "1.0.1"
aggregated-from = "https://chromium.googlesource.com/chromiumos/third_party/rust_crates/+/refs/heads/main/cargo-vet/audits.toml?format=TEXT"

[[audits.google.audits.equivalent]]
who = "Jonathan Hao <phao@chromium.org>"
criteria = "safe-to-deploy"
delta = "1.0.1 -> 1.0.2"
notes = "No changes to any .rs files or Rust code."
aggregated-from = "https://chromium.googlesource.com/chromium/src/+/main/third_party/rust/chromium_crates_io/supply-chain/audits.toml?format=TEXT"

[[audits.google.audits.error-chain]]
who = "George Burgess IV <gbiv@google.com>"
criteria = "safe-to-run"
version = "0.12.4"
aggregated-from = "https://chromium.googlesource.com/chromiumos/third_party/rust_crates/+/refs/heads/main/cargo-vet/audits.toml?format=TEXT"

[[audits.google.audits.hashbrown]]
who = "Nicholas Bishop <nicholasbishop@google.com>"
criteria = "safe-to-run"
version = "0.13.2"
aggregated-from = "https://chromium.googlesource.com/chromiumos/third_party/rust_crates/+/refs/heads/main/cargo-vet/audits.toml?format=TEXT"

[[audits.google.audits.itertools]]
who = "ChromeOS"
criteria = "safe-to-run"
version = "0.10.5"
aggregated-from = "https://chromium.googlesource.com/chromiumos/third_party/rust_crates/+/refs/heads/main/cargo-vet/audits.toml?format=TEXT"

[[audits.google.audits.num-derive]]
who = "Android Legacy"
criteria = "safe-to-run"
version = "0.3.3"
aggregated-from = "https://chromium.googlesource.com/chromiumos/third_party/rust_crates/+/refs/heads/main/cargo-vet/audits.toml?format=TEXT"

[[audits.google.audits.ppv-lite86]]
who = "danakj@chromium.org"
criteria = "safe-to-run"
version = "0.2.17"
notes = """
Reviewed in https://crrev.com/c/5171063

Previously reviewed during security review and the audit is grandparented in.
"""
aggregated-from = "https://chromium.googlesource.com/chromium/src/+/main/third_party/rust/chromium_crates_io/supply-chain/audits.toml?format=TEXT"

[[audits.google.audits.ppv-lite86]]
who = "danakj <danakj@chromium.org>"
criteria = "safe-to-run"
delta = "0.2.17 -> 0.2.20"
notes = "Using zerocopy to reduce unsafe usage."
aggregated-from = "https://chromium.googlesource.com/chromium/src/+/main/third_party/rust/chromium_crates_io/supply-chain/audits.toml?format=TEXT"

[[audits.google.audits.ppv-lite86]]
who = "Lukasz Anforowicz <lukasza@chromium.org>"
criteria = "safe-to-run"
delta = "0.2.20 -> 0.2.21"
notes = """
The delta mostly corresponds to @joshlf's
https://github.com/cryptocorrosion/cryptocorrosion/pull/85 which started
using an undocumented API that `zerocopy` has provided specifically for
`ppv-lite86` in https://github.com/google/zerocopy/pull/2418.
"""
aggregated-from = "https://chromium.googlesource.com/chromium/src/+/main/third_party/rust/chromium_crates_io/supply-chain/audits.toml?format=TEXT"

[[audits.google.audits.rand_chacha]]
who = "Android Legacy"
criteria = "safe-to-run"
version = "0.3.1"
aggregated-from = "https://chromium.googlesource.com/chromiumos/third_party/rust_crates/+/refs/heads/main/cargo-vet/audits.toml?format=TEXT"

[[audits.google.audits.rand_core]]
who = "Android Legacy"
criteria = "safe-to-run"
version = "0.6.4"
aggregated-from = "https://chromium.googlesource.com/chromiumos/third_party/rust_crates/+/refs/heads/main/cargo-vet/audits.toml?format=TEXT"

[[audits.google.audits.same-file]]
who = "Android Legacy"
criteria = "safe-to-run"
version = "1.0.6"
aggregated-from = "https://chromium.googlesource.com/chromiumos/third_party/rust_crates/+/refs/heads/main/cargo-vet/audits.toml?format=TEXT"

[[audits.google.audits.strsim]]
who = "Ying Hsu <yinghsu@chromium.org>"
criteria = "safe-to-run"
version = "0.11.1"
aggregated-from = "https://chromium.googlesource.com/chromiumos/third_party/rust_crates/+/refs/heads/main/cargo-vet/audits.toml?format=TEXT"

[[audits.google.audits.syn]]
who = "danakj@chromium.org"
criteria = "safe-to-run"
version = "1.0.109"
notes = """
Reviewed in https://crrev.com/c/5171063

Previously reviewed during security review and the audit is grandparented in.
"""
aggregated-from = "https://chromium.googlesource.com/chromium/src/+/main/third_party/rust/chromium_crates_io/supply-chain/audits.toml?format=TEXT"

[[audits.google.audits.tempfile]]
who = "Ying Hsu <yinghsu@chromium.org>"
criteria = "safe-to-run"
version = "3.10.1"
aggregated-from = "https://chromium.googlesource.com/chromiumos/third_party/rust_crates/+/refs/heads/main/cargo-vet/audits.toml?format=TEXT"

[[audits.google.audits.termcolor]]
who = "danakj@chromium.org"
criteria = "safe-to-run"
version = "1.4.0"
notes = """
Reviewed in https://crrev.com/c/5171063

Previously reviewed during security review and the audit is grandparented in.
"""
aggregated-from = "https://chromium.googlesource.com/chromium/src/+/main/third_party/rust/chromium_crates_io/supply-chain/audits.toml?format=TEXT"

[[audits.google.audits.termcolor]]
who = "Lukasz Anforowicz <lukasza@chromium.org>"
criteria = "safe-to-run"
delta = "1.4.0 -> 1.4.1"
aggregated-from = "https://chromium.googlesource.com/chromium/src/+/main/third_party/rust/chromium_crates_io/supply-chain/audits.toml?format=TEXT"

[[audits.mozilla.wildcard-audits.unicode-width]]
who = "Manish Goregaokar <manishsmail@gmail.com>"
criteria = "safe-to-deploy"
user-id = 1139 # Manish Goregaokar (Manishearth)
start = "2019-12-05"
end = "2026-02-01"
notes = "All code written or reviewed by Manish"
aggregated-from = "https://hg.mozilla.org/mozilla-central/raw-file/tip/supply-chain/audits.toml"

[[audits.mozilla.audits.adler2]]
who = "Erich Gubler <erichdongubler@gmail.com>"
criteria = "safe-to-deploy"
delta = "2.0.0 -> 2.0.1"
aggregated-from = "https://hg.mozilla.org/mozilla-central/raw-file/tip/supply-chain/audits.toml"

[[audits.mozilla.audits.deranged]]
who = "Alex Franchuk <afranchuk@mozilla.com>"
criteria = "safe-to-deploy"
version = "0.3.11"
notes = """
This crate contains a decent bit of `unsafe` code, however all internal
unsafety is verified with copious assertions (many are compile-time), and
otherwise the unsafety is documented and left to the caller to verify.
"""
aggregated-from = "https://hg.mozilla.org/mozilla-central/raw-file/tip/supply-chain/audits.toml"

[[audits.mozilla.audits.deranged]]
who = "Lars Eggert <lars@eggert.org>"
criteria = "safe-to-deploy"
delta = "0.3.11 -> 0.4.0"
aggregated-from = "https://raw.githubusercontent.com/mozilla/glean/main/supply-chain/audits.toml"

[[audits.mozilla.audits.deranged]]
who = "Lars Eggert <lars@eggert.org>"
criteria = "safe-to-deploy"
delta = "0.4.0 -> 0.5.8"
notes = "New unsafe code is properly guarded"
aggregated-from = "https://hg.mozilla.org/mozilla-central/raw-file/tip/supply-chain/audits.toml"

[[audits.mozilla.audits.either]]
who = "Erich Gubler <erichdongubler@gmail.com>"
criteria = "safe-to-deploy"
delta = "1.15.0 -> 1.16.0"
aggregated-from = "https://hg.mozilla.org/mozilla-central/raw-file/tip/supply-chain/audits.toml"

[[audits.mozilla.audits.powerfmt]]
who = "Alex Franchuk <afranchuk@mozilla.com>"
criteria = "safe-to-deploy"
version = "0.2.0"
notes = """
A tiny bit of unsafe code to implement functionality that isn't in stable rust
yet, but it's all valid. Otherwise it's a pretty simple crate.
"""
aggregated-from = "https://hg.mozilla.org/mozilla-central/raw-file/tip/supply-chain/audits.toml"

[[audits.mozilla.audits.tempfile]]
who = "Chris Martin <cmartin@mozilla.com>"
criteria = "safe-to-deploy"
delta = "3.10.1 -> 3.16.0"
notes = "Big change, but nothing unsafe and lots of it is documentation and convenience APIs"
aggregated-from = "https://hg.mozilla.org/mozilla-central/raw-file/tip/supply-chain/audits.toml"

[[audits.mozilla.audits.tempfile]]
who = "Jim Blandy <jimb@red-bean.com>"
criteria = "safe-to-deploy"
delta = "3.16.0 -> 3.27.0"
aggregated-from = "https://hg.mozilla.org/mozilla-central/raw-file/tip/supply-chain/audits.toml"

[[audits.mozilla.audits.utf8parse]]
who = "Nika Layzell <nika@thelayzells.com>"
criteria = "safe-to-deploy"
delta = "0.2.1 -> 0.2.2"
aggregated-from = "https://raw.githubusercontent.com/mozilla/cargo-vet/main/supply-chain/audits.toml"

[[audits.mozilla.audits.zip]]
who = "Alex Franchuk <afranchuk@mozilla.com>"
criteria = "safe-to-deploy"
version = "0.6.4"
notes = """
No unsafe code nor unwarranted dependencies. Side-effectful std usage is only
present where expected (zip archive reading/writing and unpacking)
"""
aggregated-from = "https://hg.mozilla.org/mozilla-central/raw-file/tip/supply-chain/audits.toml"

[[audits.mozilla.audits.zip]]
who = "Alex Franchuk <afranchuk@mozilla.com>"
criteria = "safe-to-deploy"
delta = "0.6.4 -> 2.1.3"
notes = """
There's a lot of new code and features, however it's almost entirely very
straightforward and safe. All new dependencies are appropriate.
`FixedSizeBlock::interpret` could be unsound if implemented on a
non-1-byte-aligned type, however right now that is not the case
(submitted https://github.com/zip-rs/zip2/issues/198).
"""
aggregated-from = "https://hg.mozilla.org/mozilla-central/raw-file/tip/supply-chain/audits.toml"

[[audits.mozilla.audits.zip]]
who = "Lars Eggert <lars@eggert.org>"
criteria = "safe-to-deploy"
delta = "2.1.3 -> 2.4.2"
aggregated-from = "https://hg.mozilla.org/mozilla-central/raw-file/tip/supply-chain/audits.toml"
